
Microsoft Visual Studio Solution File, Format Version 12.00
# Visual Studio Version 17
VisualStudioVersion = 17.0.32126.317
MinimumVisualStudioVersion = 10.0.40219.1
Project("{FAE04EC0-301F-11D3-BF4B-00C04F79EFBC}") = "GithubDarkPurple", "src\GithubDarkPurple.csproj", "{22135824-257C-4B6B-8301-B09F20CEFC7E}"
EndProject
Project("{2150E333-8FDC-42A3-9474-1A3956D46DE8}") = "Solution Items", "Solution Items", "{1FB6B397-A228-456C-BD2B-BCEECE984957}"
	ProjectSection(SolutionItems) = preProject
		.gitignore = .gitignore
		.github\workflows\build.yaml = .github\workflows\build.yaml
		.art\csharp.png = .art\csharp.png
		LICENSE = LICENSE
		publish-manifest.json = publish-manifest.json
		README.md = README.md
	EndProjectSection
EndProject
Global
	GlobalSection(SolutionConfigurationPlatforms) = preSolution
		Debug|Any CPU = Debug|Any CPU
		Debug|x86 = Debug|x86
		Release|Any CPU = Release|Any CPU
		Release|x86 = Release|x86
	EndGlobalSection
	GlobalSection(ProjectConfigurationPlatforms) = postSolution
		{22135824-257C-4B6B-8301-B09F20CEFC7E}.Debug|Any CPU.ActiveCfg = Debug|Any CPU
		{22135824-257C-4B6B-8301-B09F20CEFC7E}.Debug|Any CPU.Build.0 = Debug|Any CPU
		{22135824-257C-4B6B-8301-B09F20CEFC7E}.Debug|x86.ActiveCfg = Debug|x86
		{22135824-257C-4B6B-8301-B09F20CEFC7E}.Debug|x86.Build.0 = Debug|x86
		{22135824-257C-4B6B-8301-B09F20CEFC7E}.Release|Any CPU.ActiveCfg = Release|Any CPU
		{22135824-257C-4B6B-8301-B09F20CEFC7E}.Release|Any CPU.Build.0 = Release|Any CPU
		{22135824-257C-4B6B-8301-B09F20CEFC7E}.Release|x86.ActiveCfg = Release|x86
		{22135824-257C-4B6B-8301-B09F20CEFC7E}.Release|x86.Build.0 = Release|x86
	EndGlobalSection
	GlobalSection(SolutionProperties) = preSolution
		HideSolutionNode = FALSE
	EndGlobalSection
	GlobalSection(ExtensibilityGlobals) = postSolution
		SolutionGuid = {C7AD9C88-D61D-4D15-B206-24DE6D144A54}
	EndGlobalSection
EndGlobal
